
Microsoft Visual Studio Solution File, Format Version 12.00
# Visual Studio Version 16
VisualStudioVersion = 16.0.31624.102
MinimumVisualStudioVersion = 10.0.40219.1
Project("{FAE04EC0-301F-11D3-BF4B-00C04F79EFBC}") = "PeerGradeWPF", "PeerGradeWPF\PeerGradeWPF.csproj", "{B570298F-48BA-48D8-81CB-2F6C98CA44DF}"
EndProject
Global
	GlobalSection(SolutionConfigurationPlatforms) = preSolution
		Debug|Any CPU = Debug|Any CPU
		Release|Any CPU = Release|Any CPU
	EndGlobalSection
	GlobalSection(ProjectConfigurationPlatforms) = postSolution
		{B570298F-48BA-48D8-81CB-2F6C98CA44DF}.Debug|Any CPU.ActiveCfg = Debug|Any CPU
		{B570298F-48BA-48D8-81CB-2F6C98CA44DF}.Debug|Any CPU.Build.0 = Debug|Any CPU
		{B570298F-48BA-48D8-81CB-2F6C98CA44DF}.Release|Any CPU.ActiveCfg = Release|Any CPU
		{B570298F-48BA-48D8-81CB-2F6C98CA44DF}.Release|Any CPU.Build.0 = Release|Any CPU
	EndGlobalSection
	GlobalSection(SolutionProperties) = preSolution
		HideSolutionNode = FALSE
	EndGlobalSection
	GlobalSection(ExtensibilityGlobals) = postSolution
		SolutionGuid = {71B874CE-B900-4D62-B102-83BD4A50EA9B}
	EndGlobalSection
EndGlobal
